# @generated by Move, please check-in and do not edit manually.

[move]
version = 3
manifest_digest = "146444ADBD7FED58DD2B584787B64E7874B755E684265B4B597F2E0F1F9BC51D"
deps_digest = "3C4103934B1E040BB6B23F1D610B4EF9F2F1166A50A104EADCF77467C004C600"
dependencies = [
  { id = "Sui", name = "Sui" },
  { id = "openplay_core", name = "openplay_core" },
]

[[move.package]]
id = "MoveStdlib"
source = { git = "https://github.com/MystenLabs/sui.git", rev = "mainnet-v1.61.2", subdir = "crates/sui-framework/packages/move-stdlib" }

[[move.package]]
id = "Sui"
source = { git = "https://github.com/MystenLabs/sui.git", rev = "mainnet-v1.61.2", subdir = "crates/sui-framework/packages/sui-framework" }

dependencies = [
  { id = "MoveStdlib", name = "MoveStdlib" },
]

[[move.package]]
id = "openplay_core"
source = { git = "git@github.com:OpenPlay-Technologies/openplay-core.git", rev = "v2.1", subdir = "package" }

dependencies = [
  { id = "Sui", name = "Sui" },
]

[move.toolchain-version]
compiler-version = "1.61.2"
edition = "2024.beta"
flavor = "sui"

[env]

[env.testnet]
chain-id = "4c78adac"
original-published-id = "0x73536aeee2edb587addbc993795fae5bb65c0f5c0a21049db1a5e8235a562a02"
latest-published-id = "0x73536aeee2edb587addbc993795fae5bb65c0f5c0a21049db1a5e8235a562a02"
published-version = "1"
